{
  "name": "backend",
  "lockfileVersion": 3,
  "requires": true,
  "packages": {
    "": {
      "dependencies": {
        "@prisma/client": "^5.9.1",
        "hono": "^3.12.8",
        "prisma": "^5.9.1"
      },
      "devDependencies": {
        "@types/bun": "latest"
      }
    },
    "node_modules/@prisma/client": {
      "version": "5.9.1",
      "resolved": "https://registry.npmjs.org/@prisma/client/-/client-5.9.1.tgz",
      "integrity": "sha512-caSOnG4kxcSkhqC/2ShV7rEoWwd3XrftokxJqOCMVvia4NYV/TPtJlS9C2os3Igxw/Qyxumj9GBQzcStzECvtQ==",
      "hasInstallScript": true,
      "engines": {
        "node": ">=16.13"
      },
      "peerDependencies": {
        "prisma": "*"
      },
      "peerDependenciesMeta": {
        "prisma": {
          "optional": true
        }
      }
    },
    "node_modules/@prisma/debug": {
      "version": "5.9.1",
      "license": "Apache-2.0"
    },
    "node_modules/@prisma/engines": {
      "version": "5.9.1",
      "hasInstallScript": true,
      "license": "Apache-2.0",
      "dependencies": {
        "@prisma/debug": "5.9.1",
        "@prisma/engines-version": "5.9.0-32.23fdc5965b1e05fc54e5f26ed3de66776b93de64",
        "@prisma/fetch-engine": "5.9.1",
        "@prisma/get-platform": "5.9.1"
      }
    },
    "node_modules/@prisma/engines-version": {
      "version": "5.9.0-32.23fdc5965b1e05fc54e5f26ed3de66776b93de64",
      "license": "Apache-2.0"
    },
    "node_modules/@prisma/fetch-engine": {
      "version": "5.9.1",
      "license": "Apache-2.0",
      "dependencies": {
        "@prisma/debug": "5.9.1",
        "@prisma/engines-version": "5.9.0-32.23fdc5965b1e05fc54e5f26ed3de66776b93de64",
        "@prisma/get-platform": "5.9.1"
      }
    },
    "node_modules/@prisma/get-platform": {
      "version": "5.9.1",
      "license": "Apache-2.0",
      "dependencies": {
        "@prisma/debug": "5.9.1"
      }
    },
    "node_modules/@types/bun": {
      "version": "1.0.6",
      "resolved": "https://registry.npmjs.org/@types/bun/-/bun-1.0.6.tgz",
      "integrity": "sha512-RtBfd9vxT4LmgKtENsJeM5j0Kwy+CyIEY8Z99oPdh5SZWjZAIEsNdSCeAO3q3GBiNWXjJ5IIJPjDQdwSeKiRFA==",
      "dev": true,
      "dependencies": {
        "bun-types": "1.0.27"
      }
    },
    "node_modules/@types/node": {
      "version": "20.11.19",
      "dev": true,
      "license": "MIT",
      "dependencies": {
        "undici-types": "~5.26.4"
      }
    },
    "node_modules/@types/ws": {
      "version": "8.5.10",
      "dev": true,
      "license": "MIT",
      "dependencies": {
        "@types/node": "*"
      }
    },
    "node_modules/bun-types": {
      "version": "1.0.27",
      "dev": true,
      "license": "MIT",
      "dependencies": {
        "@types/node": "~20.11.3",
        "@types/ws": "~8.5.10"
      }
    },
    "node_modules/hono": {
      "version": "3.12.12",
      "license": "MIT",
      "engines": {
        "node": ">=16.0.0"
      }
    },
    "node_modules/prisma": {
      "version": "5.9.1",
      "hasInstallScript": true,
      "license": "Apache-2.0",
      "dependencies": {
        "@prisma/engines": "5.9.1"
      },
      "bin": {
        "prisma": "build/index.js"
      },
      "engines": {
        "node": ">=16.13"
      }
    },
    "node_modules/undici-types": {
      "version": "5.26.5",
      "dev": true,
      "license": "MIT"
    }
  }
}
